// !$*UTF8*$!
{
	archiveVersion = 1;
	classes = {
	};
	objectVersion = 46;
	objects = {

/* Begin PBXBuildFile section */
		5E2555DB19F6D78E00D4A5CC /* AppDelegate.swift in Sources */ = {isa = PBXBuildFile; fileRef = 5E2555DA19F6D78E00D4A5CC /* AppDelegate.swift */; };
		5E2555DD19F6D78E00D4A5CC /* ViewController.swift in Sources */ = {isa = PBXBuildFile; fileRef = 5E2555DC19F6D78E00D4A5CC /* ViewController.swift */; };
		5E2555E019F6D78E00D4A5CC /* Main.storyboard in Resources */ = {isa = PBXBuildFile; fileRef = 5E2555DE19F6D78E00D4A5CC /* Main.storyboard */; };
		5E2555E219F6D78E00D4A5CC /* Images.xcassets in Resources */ = {isa = PBXBuildFile; fileRef = 5E2555E119F6D78E00D4A5CC /* Images.xcassets */; };
		5E2555E519F6D78E00D4A5CC /* LaunchScreen.xib in Resources */ = {isa = PBXBuildFile; fileRef = 5E2555E319F6D78E00D4A5CC /* LaunchScreen.xib */; };
		5E2555F119F6D78E00D4A5CC /* HomepwnerTests.swift in Sources */ = {isa = PBXBuildFile; fileRef = 5E2555F019F6D78E00D4A5CC /* HomepwnerTests.swift */; };
		5E2555FC19F6DC9D00D4A5CC /* ItemsViewController.swift in Sources */ = {isa = PBXBuildFile; fileRef = 5E2555FB19F6DC9D00D4A5CC /* ItemsViewController.swift */; };
		5E2555FE19F6DE3400D4A5CC /* Item.swift in Sources */ = {isa = PBXBuildFile; fileRef = 5E2555FD19F6DE3400D4A5CC /* Item.swift */; };
		5E25560019F6DE7D00D4A5CC /* ItemStore.swift in Sources */ = {isa = PBXBuildFile; fileRef = 5E2555FF19F6DE7D00D4A5CC /* ItemStore.swift */; };
		5ED2D57D19F6FD49009AEC48 /* icon_home_large.gif in Resources */ = {isa = PBXBuildFile; fileRef = 5ED2D57C19F6FD49009AEC48 /* icon_home_large.gif */; };
		5ED2D58219F71A98009AEC48 /* DetailViewController.swift in Sources */ = {isa = PBXBuildFile; fileRef = 5ED2D58019F71A98009AEC48 /* DetailViewController.swift */; };
		5ED2D58319F71A98009AEC48 /* DetailViewController.xib in Resources */ = {isa = PBXBuildFile; fileRef = 5ED2D58119F71A98009AEC48 /* DetailViewController.xib */; };
		5EEDAF8F19F6F4E70055A881 /* ItemCell.swift in Sources */ = {isa = PBXBuildFile; fileRef = 5EEDAF8E19F6F4E70055A881 /* ItemCell.swift */; };
		5EEDAF9119F6F5070055A881 /* ItemCell.xib in Resources */ = {isa = PBXBuildFile; fileRef = 5EEDAF9019F6F5070055A881 /* ItemCell.xib */; };
/* End PBXBuildFile section */

/* Begin PBXContainerItemProxy section */
		5E2555EB19F6D78E00D4A5CC /* PBXContainerItemProxy */ = {
			isa = PBXContainerItemProxy;
			containerPortal = 5E2555CD19F6D78E00D4A5CC /* Project object */;
			proxyType = 1;
			remoteGlobalIDString = 5E2555D419F6D78E00D4A5CC;
			remoteInfo = Homepwner;
		};
/* End PBXContainerItemProxy section */

/* Begin PBXFileReference section */
		5E2555D519F6D78E00D4A5CC /* Homepwner.app */ = {isa = PBXFileReference; explicitFileType = wrapper.application; includeInIndex = 0; path = Homepwner.app; sourceTree = BUILT_PRODUCTS_DIR; };
		5E2555D919F6D78E00D4A5CC /* Info.plist */ = {isa = PBXFileReference; lastKnownFileType = text.plist.xml; path = Info.plist; sourceTree = "<group>"; };
		5E2555DA19F6D78E00D4A5CC /* AppDelegate.swift */ = {isa = PBXFileReference; lastKnownFileType = sourcecode.swift; path = AppDelegate.swift; sourceTree = "<group>"; };
		5E2555DC19F6D78E00D4A5CC /* ViewController.swift */ = {isa = PBXFileReference; lastKnownFileType = sourcecode.swift; path = ViewController.swift; sourceTree = "<group>"; };
		5E2555DF19F6D78E00D4A5CC /* Base */ = {isa = PBXFileReference; lastKnownFileType = file.storyboard; name = Base; path = Base.lproj/Main.storyboard; sourceTree = "<group>"; };
		5E2555E119F6D78E00D4A5CC /* Images.xcassets */ = {isa = PBXFileReference; lastKnownFileType = folder.assetcatalog; path = Images.xcassets; sourceTree = "<group>"; };
		5E2555E419F6D78E00D4A5CC /* Base */ = {isa = PBXFileReference; lastKnownFileType = file.xib; name = Base; path = Base.lproj/LaunchScreen.xib; sourceTree = "<group>"; };
		5E2555EA19F6D78E00D4A5CC /* HomepwnerTests.xctest */ = {isa = PBXFileReference; explicitFileType = wrapper.cfbundle; includeInIndex = 0; path = HomepwnerTests.xctest; sourceTree = BUILT_PRODUCTS_DIR; };
		5E2555EF19F6D78E00D4A5CC /* Info.plist */ = {isa = PBXFileReference; lastKnownFileType = text.plist.xml; path = Info.plist; sourceTree = "<group>"; };
		5E2555F019F6D78E00D4A5CC /* HomepwnerTests.swift */ = {isa = PBXFileReference; lastKnownFileType = sourcecode.swift; path = HomepwnerTests.swift; sourceTree = "<group>"; };
		5E2555FB19F6DC9D00D4A5CC /* ItemsViewController.swift */ = {isa = PBXFileReference; fileEncoding = 4; lastKnownFileType = sourcecode.swift; path = ItemsViewController.swift; sourceTree = "<group>"; };
		5E2555FD19F6DE3400D4A5CC /* Item.swift */ = {isa = PBXFileReference; fileEncoding = 4; lastKnownFileType = sourcecode.swift; path = Item.swift; sourceTree = "<group>"; };
		5E2555FF19F6DE7D00D4A5CC /* ItemStore.swift */ = {isa = PBXFileReference; fileEncoding = 4; lastKnownFileType = sourcecode.swift; path = ItemStore.swift; sourceTree = "<group>"; };
		5ED2D57C19F6FD49009AEC48 /* icon_home_large.gif */ = {isa = PBXFileReference; lastKnownFileType = image.gif; path = icon_home_large.gif; sourceTree = "<group>"; };
		5ED2D58019F71A98009AEC48 /* DetailViewController.swift */ = {isa = PBXFileReference; fileEncoding = 4; lastKnownFileType = sourcecode.swift; path = DetailViewController.swift; sourceTree = "<group>"; };
		5ED2D58119F71A98009AEC48 /* DetailViewController.xib */ = {isa = PBXFileReference; fileEncoding = 4; lastKnownFileType = file.xib; path = DetailViewController.xib; sourceTree = "<group>"; };
		5EEDAF8E19F6F4E70055A881 /* ItemCell.swift */ = {isa = PBXFileReference; fileEncoding = 4; lastKnownFileType = sourcecode.swift; path = ItemCell.swift; sourceTree = "<group>"; };
		5EEDAF9019F6F5070055A881 /* ItemCell.xib */ = {isa = PBXFileReference; fileEncoding = 4; lastKnownFileType = file.xib; path = ItemCell.xib; sourceTree = "<group>"; };
/* End PBXFileReference section */

/* Begin PBXFrameworksBuildPhase section */
		5E2555D219F6D78E00D4A5CC /* Frameworks */ = {
			isa = PBXFrameworksBuildPhase;
			buildActionMask = 2147483647;
			files = (
			);
			runOnlyForDeploymentPostprocessing = 0;
		};
		5E2555E719F6D78E00D4A5CC /* Frameworks */ = {
			isa = PBXFrameworksBuildPhase;
			buildActionMask = 2147483647;
			files = (
			);
			runOnlyForDeploymentPostprocessing = 0;
		};
/* End PBXFrameworksBuildPhase section */

/* Begin PBXGroup section */
		5E2555CC19F6D78E00D4A5CC = {
			isa = PBXGroup;
			children = (
				5E2555D719F6D78E00D4A5CC /* Homepwner */,
				5E2555ED19F6D78E00D4A5CC /* HomepwnerTests */,
				5E2555D619F6D78E00D4A5CC /* Products */,
			);
			sourceTree = "<group>";
		};
		5E2555D619F6D78E00D4A5CC /* Products */ = {
			isa = PBXGroup;
			children = (
				5E2555D519F6D78E00D4A5CC /* Homepwner.app */,
				5E2555EA19F6D78E00D4A5CC /* HomepwnerTests.xctest */,
			);
			name = Products;
			sourceTree = "<group>";
		};
		5E2555D719F6D78E00D4A5CC /* Homepwner */ = {
			isa = PBXGroup;
			children = (
				5E2555DA19F6D78E00D4A5CC /* AppDelegate.swift */,
				5ED2D58019F71A98009AEC48 /* DetailViewController.swift */,
				5ED2D58119F71A98009AEC48 /* DetailViewController.xib */,
				5E2555FB19F6DC9D00D4A5CC /* ItemsViewController.swift */,
				5EEDAF8E19F6F4E70055A881 /* ItemCell.swift */,
				5EEDAF9019F6F5070055A881 /* ItemCell.xib */,
				5E2555E119F6D78E00D4A5CC /* Images.xcassets */,
				5E2555E319F6D78E00D4A5CC /* LaunchScreen.xib */,
				5E2555FD19F6DE3400D4A5CC /* Item.swift */,
				5E2555FF19F6DE7D00D4A5CC /* ItemStore.swift */,
				5E2555FA19F6D84200D4A5CC /* Not Used */,
				5E2555D819F6D78E00D4A5CC /* Supporting Files */,
			);
			path = Homepwner;
			sourceTree = "<group>";
		};
		5E2555D819F6D78E00D4A5CC /* Supporting Files */ = {
			isa = PBXGroup;
			children = (
				5ED2D57C19F6FD49009AEC48 /* icon_home_large.gif */,
				5E2555D919F6D78E00D4A5CC /* Info.plist */,
			);
			name = "Supporting Files";
			sourceTree = "<group>";
		};
		5E2555ED19F6D78E00D4A5CC /* HomepwnerTests */ = {
			isa = PBXGroup;
			children = (
				5E2555F019F6D78E00D4A5CC /* HomepwnerTests.swift */,
				5E2555EE19F6D78E00D4A5CC /* Supporting Files */,
			);
			path = HomepwnerTests;
			sourceTree = "<group>";
		};
		5E2555EE19F6D78E00D4A5CC /* Supporting Files */ = {
			isa = PBXGroup;
			children = (
				5E2555EF19F6D78E00D4A5CC /* Info.plist */,
			);
			name = "Supporting Files";
			sourceTree = "<group>";
		};
		5E2555FA19F6D84200D4A5CC /* Not Used */ = {
			isa = PBXGroup;
			children = (
				5E2555DC19F6D78E00D4A5CC /* ViewController.swift */,
				5E2555DE19F6D78E00D4A5CC /* Main.storyboard */,
			);
			name = "Not Used";
			sourceTree = "<group>";
		};
/* End PBXGroup section */

/* Begin PBXNativeTarget section */
		5E2555D419F6D78E00D4A5CC /* Homepwner */ = {
			isa = PBXNativeTarget;
			buildConfigurationList = 5E2555F419F6D78E00D4A5CC /* Build configuration list for PBXNativeTarget "Homepwner" */;
			buildPhases = (
				5E2555D119F6D78E00D4A5CC /* Sources */,
				5E2555D219F6D78E00D4A5CC /* Frameworks */,
				5E2555D319F6D78E00D4A5CC /* Resources */,
			);
			buildRules = (
			);
			dependencies = (
			);
			name = Homepwner;
			productName = Homepwner;
			productReference = 5E2555D519F6D78E00D4A5CC /* Homepwner.app */;
			productType = "com.apple.product-type.application";
		};
		5E2555E919F6D78E00D4A5CC /* HomepwnerTests */ = {
			isa = PBXNativeTarget;
			buildConfigurationList = 5E2555F719F6D78E00D4A5CC /* Build configuration list for PBXNativeTarget "HomepwnerTests" */;
			buildPhases = (
				5E2555E619F6D78E00D4A5CC /* Sources */,
				5E2555E719F6D78E00D4A5CC /* Frameworks */,
				5E2555E819F6D78E00D4A5CC /* Resources */,
			);
			buildRules = (
			);
			dependencies = (
				5E2555EC19F6D78E00D4A5CC /* PBXTargetDependency */,
			);
			name = HomepwnerTests;
			productName = HomepwnerTests;
			productReference = 5E2555EA19F6D78E00D4A5CC /* HomepwnerTests.xctest */;
			productType = "com.apple.product-type.bundle.unit-test";
		};
/* End PBXNativeTarget section */

/* Begin PBXProject section */
		5E2555CD19F6D78E00D4A5CC /* Project object */ = {
			isa = PBXProject;
			attributes = {
				LastUpgradeCheck = 0610;
				ORGANIZATIONNAME = "Troy Abel";
				TargetAttributes = {
					5E2555D419F6D78E00D4A5CC = {
						CreatedOnToolsVersion = 6.1;
					};
					5E2555E919F6D78E00D4A5CC = {
						CreatedOnToolsVersion = 6.1;
						TestTargetID = 5E2555D419F6D78E00D4A5CC;
					};
				};
			};
			buildConfigurationList = 5E2555D019F6D78E00D4A5CC /* Build configuration list for PBXProject "Homepwner" */;
			compatibilityVersion = "Xcode 3.2";
			developmentRegion = English;
			hasScannedForEncodings = 0;
			knownRegions = (
				en,
				Base,
			);
			mainGroup = 5E2555CC19F6D78E00D4A5CC;
			productRefGroup = 5E2555D619F6D78E00D4A5CC /* Products */;
			projectDirPath = "";
			projectRoot = "";
			targets = (
				5E2555D419F6D78E00D4A5CC /* Homepwner */,
				5E2555E919F6D78E00D4A5CC /* HomepwnerTests */,
			);
		};
/* End PBXProject section */

/* Begin PBXResourcesBuildPhase section */
		5E2555D319F6D78E00D4A5CC /* Resources */ = {
			isa = PBXResourcesBuildPhase;
			buildActionMask = 2147483647;
			files = (
				5EEDAF9119F6F5070055A881 /* ItemCell.xib in Resources */,
				5E2555E019F6D78E00D4A5CC /* Main.storyboard in Resources */,
				5ED2D58319F71A98009AEC48 /* DetailViewController.xib in Resources */,
				5E2555E519F6D78E00D4A5CC /* LaunchScreen.xib in Resources */,
				5E2555E219F6D78E00D4A5CC /* Images.xcassets in Resources */,
				5ED2D57D19F6FD49009AEC48 /* icon_home_large.gif in Resources */,
			);
			runOnlyForDeploymentPostprocessing = 0;
		};
		5E2555E819F6D78E00D4A5CC /* Resources */ = {
			isa = PBXResourcesBuildPhase;
			buildActionMask = 2147483647;
			files = (
			);
			runOnlyForDeploymentPostprocessing = 0;
		};
/* End PBXResourcesBuildPhase section */

/* Begin PBXSourcesBuildPhase section */
		5E2555D119F6D78E00D4A5CC /* Sources */ = {
			isa = PBXSourcesBuildPhase;
			buildActionMask = 2147483647;
			files = (
				5E2555FE19F6DE3400D4A5CC /* Item.swift in Sources */,
				5E2555DD19F6D78E00D4A5CC /* ViewController.swift in Sources */,
				5EEDAF8F19F6F4E70055A881 /* ItemCell.swift in Sources */,
				5E2555FC19F6DC9D00D4A5CC /* ItemsViewController.swift in Sources */,
				5E25560019F6DE7D00D4A5CC /* ItemStore.swift in Sources */,
				5E2555DB19F6D78E00D4A5CC /* AppDelegate.swift in Sources */,
				5ED2D58219F71A98009AEC48 /* DetailViewController.swift in Sources */,
			);
			runOnlyForDeploymentPostprocessing = 0;
		};
		5E2555E619F6D78E00D4A5CC /* Sources */ = {
			isa = PBXSourcesBuildPhase;
			buildActionMask = 2147483647;
			files = (
				5E2555F119F6D78E00D4A5CC /* HomepwnerTests.swift in Sources */,
			);
			runOnlyForDeploymentPostprocessing = 0;
		};
/* End PBXSourcesBuildPhase section */

/* Begin PBXTargetDependency section */
		5E2555EC19F6D78E00D4A5CC /* PBXTargetDependency */ = {
			isa = PBXTargetDependency;
			target = 5E2555D419F6D78E00D4A5CC /* Homepwner */;
			targetProxy = 5E2555EB19F6D78E00D4A5CC /* PBXContainerItemProxy */;
		};
/* End PBXTargetDependency section */

/* Begin PBXVariantGroup section */
		5E2555DE19F6D78E00D4A5CC /* Main.storyboard */ = {
			isa = PBXVariantGroup;
			children = (
				5E2555DF19F6D78E00D4A5CC /* Base */,
			);
			name = Main.storyboard;
			sourceTree = "<group>";
		};
		5E2555E319F6D78E00D4A5CC /* LaunchScreen.xib */ = {
			isa = PBXVariantGroup;
			children = (
				5E2555E419F6D78E00D4A5CC /* Base */,
			);
			name = LaunchScreen.xib;
			sourceTree = "<group>";
		};
/* End PBXVariantGroup section */

/* Begin XCBuildConfiguration section */
		5E2555F219F6D78E00D4A5CC /* Debug */ = {
			isa = XCBuildConfiguration;
			buildSettings = {
				ALWAYS_SEARCH_USER_PATHS = NO;
				CLANG_CXX_LANGUAGE_STANDARD = "gnu++0x";
				CLANG_CXX_LIBRARY = "libc++";
				CLANG_ENABLE_MODULES = YES;
				CLANG_ENABLE_OBJC_ARC = YES;
				CLANG_WARN_BOOL_CONVERSION = YES;
				CLANG_WARN_CONSTANT_CONVERSION = YES;
				CLANG_WARN_DIRECT_OBJC_ISA_USAGE = YES_ERROR;
				CLANG_WARN_EMPTY_BODY = YES;
				CLANG_WARN_ENUM_CONVERSION = YES;
				CLANG_WARN_INT_CONVERSION = YES;
				CLANG_WARN_OBJC_ROOT_CLASS = YES_ERROR;
				CLANG_WARN_UNREACHABLE_CODE = YES;
				CLANG_WARN__DUPLICATE_METHOD_MATCH = YES;
				"CODE_SIGN_IDENTITY[sdk=iphoneos*]" = "iPhone Developer";
				COPY_PHASE_STRIP = NO;
				ENABLE_STRICT_OBJC_MSGSEND = YES;
				GCC_C_LANGUAGE_STANDARD = gnu99;
				GCC_DYNAMIC_NO_PIC = NO;
				GCC_OPTIMIZATION_LEVEL = 0;
				GCC_PREPROCESSOR_DEFINITIONS = (
					"DEBUG=1",
					"$(inherited)",
				);
				GCC_SYMBOLS_PRIVATE_EXTERN = NO;
				GCC_WARN_64_TO_32_BIT_CONVERSION = YES;
				GCC_WARN_ABOUT_RETURN_TYPE = YES_ERROR;
				GCC_WARN_UNDECLARED_SELECTOR = YES;
				GCC_WARN_UNINITIALIZED_AUTOS = YES_AGGRESSIVE;
				GCC_WARN_UNUSED_FUNCTION = YES;
				GCC_WARN_UNUSED_VARIABLE = YES;
				IPHONEOS_DEPLOYMENT_TARGET = 8.1;
				MTL_ENABLE_DEBUG_INFO = YES;
				ONLY_ACTIVE_ARCH = YES;
				SDKROOT = iphoneos;
				SWIFT_OPTIMIZATION_LEVEL = "-Onone";
			};
			name = Debug;
		};
		5E2555F319F6D78E00D4A5CC /* Release */ = {
			isa = XCBuildConfiguration;
			buildSettings = {
				ALWAYS_SEARCH_USER_PATHS = NO;
				CLANG_CXX_LANGUAGE_STANDARD = "gnu++0x";
				CLANG_CXX_LIBRARY = "libc++";
				CLANG_ENABLE_MODULES = YES;
				CLANG_ENABLE_OBJC_ARC = YES;
				CLANG_WARN_BOOL_CONVERSION = YES;
				CLANG_WARN_CONSTANT_CONVERSION = YES;
				CLANG_WARN_DIRECT_OBJC_ISA_USAGE = YES_ERROR;
				CLANG_WARN_EMPTY_BODY = YES;
				CLANG_WARN_ENUM_CONVERSION = YES;
				CLANG_WARN_INT_CONVERSION = YES;
				CLANG_WARN_OBJC_ROOT_CLASS = YES_ERROR;
				CLANG_WARN_UNREACHABLE_CODE = YES;
				CLANG_WARN__DUPLICATE_METHOD_MATCH = YES;
				"CODE_SIGN_IDENTITY[sdk=iphoneos*]" = "iPhone Developer";
				COPY_PHASE_STRIP = YES;
				ENABLE_NS_ASSERTIONS = NO;
				ENABLE_STRICT_OBJC_MSGSEND = YES;
				GCC_C_LANGUAGE_STANDARD = gnu99;
				GCC_WARN_64_TO_32_BIT_CONVERSION = YES;
				GCC_WARN_ABOUT_RETURN_TYPE = YES_ERROR;
				GCC_WARN_UNDECLARED_SELECTOR = YES;
				GCC_WARN_UNINITIALIZED_AUTOS = YES_AGGRESSIVE;
				GCC_WARN_UNUSED_FUNCTION = YES;
				GCC_WARN_UNUSED_VARIABLE = YES;
				IPHONEOS_DEPLOYMENT_TARGET = 8.1;
				MTL_ENABLE_DEBUG_INFO = NO;
				SDKROOT = iphoneos;
				VALIDATE_PRODUCT = YES;
			};
			name = Release;
		};
		5E2555F519F6D78E00D4A5CC /* Debug */ = {
			isa = XCBuildConfiguration;
			buildSettings = {
				ASSETCATALOG_COMPILER_APPICON_NAME = AppIcon;
				INFOPLIST_FILE = Homepwner/Info.plist;
				LD_RUNPATH_SEARCH_PATHS = "$(inherited) @executable_path/Frameworks";
				PRODUCT_NAME = "$(TARGET_NAME)";
			};
			name = Debug;
		};
		5E2555F619F6D78E00D4A5CC /* Release */ = {
			isa = XCBuildConfiguration;
			buildSettings = {
				ASSETCATALOG_COMPILER_APPICON_NAME = AppIcon;
				INFOPLIST_FILE = Homepwner/Info.plist;
				LD_RUNPATH_SEARCH_PATHS = "$(inherited) @executable_path/Frameworks";
				PRODUCT_NAME = "$(TARGET_NAME)";
			};
			name = Release;
		};
		5E2555F819F6D78E00D4A5CC /* Debug */ = {
			isa = XCBuildConfiguration;
			buildSettings = {
				BUNDLE_LOADER = "$(TEST_HOST)";
				FRAMEWORK_SEARCH_PATHS = (
					"$(SDKROOT)/Developer/Library/Frameworks",
					"$(inherited)",
				);
				GCC_PREPROCESSOR_DEFINITIONS = (
					"DEBUG=1",
					"$(inherited)",
				);
				INFOPLIST_FILE = HomepwnerTests/Info.plist;
				LD_RUNPATH_SEARCH_PATHS = "$(inherited) @executable_path/Frameworks @loader_path/Frameworks";
				PRODUCT_NAME = "$(TARGET_NAME)";
				TEST_HOST = "$(BUILT_PRODUCTS_DIR)/Homepwner.app/Homepwner";
			};
			name = Debug;
		};
		5E2555F919F6D78E00D4A5CC /* Release */ = {
			isa = XCBuildConfiguration;
			buildSettings = {
				BUNDLE_LOADER = "$(TEST_HOST)";
				FRAMEWORK_SEARCH_PATHS = (
					"$(SDKROOT)/Developer/Library/Frameworks",
					"$(inherited)",
				);
				INFOPLIST_FILE = HomepwnerTests/Info.plist;
				LD_RUNPATH_SEARCH_PATHS = "$(inherited) @executable_path/Frameworks @loader_path/Frameworks";
				PRODUCT_NAME = "$(TARGET_NAME)";
				TEST_HOST = "$(BUILT_PRODUCTS_DIR)/Homepwner.app/Homepwner";
			};
			name = Release;
		};
/* End XCBuildConfiguration section */

/* Begin XCConfigurationList section */
		5E2555D019F6D78E00D4A5CC /* Build configuration list for PBXProject "Homepwner" */ = {
			isa = XCConfigurationList;
			buildConfigurations = (
				5E2555F219F6D78E00D4A5CC /* Debug */,
				5E2555F319F6D78E00D4A5CC /* Release */,
			);
			defaultConfigurationIsVisible = 0;
			defaultConfigurationName = Release;
		};
		5E2555F419F6D78E00D4A5CC /* Build configuration list for PBXNativeTarget "Homepwner" */ = {
			isa = XCConfigurationList;
			buildConfigurations = (
				5E2555F519F6D78E00D4A5CC /* Debug */,
				5E2555F619F6D78E00D4A5CC /* Release */,
			);
			defaultConfigurationIsVisible = 0;
			defaultConfigurationName = Release;
		};
		5E2555F719F6D78E00D4A5CC /* Build configuration list for PBXNativeTarget "HomepwnerTests" */ = {
			isa = XCConfigurationList;
			buildConfigurations = (
				5E2555F819F6D78E00D4A5CC /* Debug */,
				5E2555F919F6D78E00D4A5CC /* Release */,
			);
			defaultConfigurationIsVisible = 0;
			defaultConfigurationName = Release;
		};
/* End XCConfigurationList section */
	};
	rootObject = 5E2555CD19F6D78E00D4A5CC /* Project object */;
}
